
Microsoft Visual Studio Solution File, Format Version 12.00
# Visual Studio Version 17
VisualStudioVersion = 17.8.34330.188
MinimumVisualStudioVersion = 10.0.40219.1
Project("{FAE04EC0-301F-11D3-BF4B-00C04F79EFBC}") = "CS2-AntiVPN", "CS2-AntiVPN.csproj", "{0E1D9229-44B3-4ABE-ACB6-A884D4274762}"
EndProject
Global
	GlobalSection(SolutionConfigurationPlatforms) = preSolution
		Debug|Any CPU = Debug|Any CPU
		Release|Any CPU = Release|Any CPU
	EndGlobalSection
	GlobalSection(ProjectConfigurationPlatforms) = postSolution
		{0E1D9229-44B3-4ABE-ACB6-A884D4274762}.Debug|Any CPU.ActiveCfg = Debug|Any CPU
		{0E1D9229-44B3-4ABE-ACB6-A884D4274762}.Debug|Any CPU.Build.0 = Debug|Any CPU
		{0E1D9229-44B3-4ABE-ACB6-A884D4274762}.Release|Any CPU.ActiveCfg = Release|Any CPU
		{0E1D9229-44B3-4ABE-ACB6-A884D4274762}.Release|Any CPU.Build.0 = Release|Any CPU
	EndGlobalSection
	GlobalSection(SolutionProperties) = preSolution
		HideSolutionNode = FALSE
	EndGlobalSection
	GlobalSection(ExtensibilityGlobals) = postSolution
		SolutionGuid = {DA40D3AA-26B3-432F-8DC7-59E22A577810}
	EndGlobalSection
EndGlobal
